
Microsoft Visual Studio Solution File, Format Version 12.00
# Visual Studio 14
VisualStudioVersion = 14.0.25420.1
MinimumVisualStudioVersion = 10.0.40219.1
Project("{8BC9CEB8-8B4A-11D0-8D11-00A0C91BC942}") = "ImageStitching", "ImageStitching\ImageStitching.vcxproj", "{B12702AD-ABFB-343A-A199-8E24837244A3}"
EndProject
Project("{8BC9CEB8-8B4A-11D0-8D11-00A0C91BC942}") = "test", "test\test.vcxproj", "{B3F9DE50-8FF5-42A3-8DC1-F2C8E7BDF7AA}"
EndProject
Project("{8BC9CEB8-8B4A-11D0-8D11-00A0C91BC942}") = "StitchToolDll", "StitchToolDll\StitchToolDll.vcxproj", "{11652C26-6A41-4D9A-A1EB-7677A860A902}"
EndProject
Project("{8BC9CEB8-8B4A-11D0-8D11-00A0C91BC942}") = "calibration", "Calibration\calibration.vcxproj", "{7CB6DC0F-8A3E-4CEB-8D9C-D0C2BA7A1710}"
EndProject
Global
	GlobalSection(SolutionConfigurationPlatforms) = preSolution
		Debug|x64 = Debug|x64
		Debug|x86 = Debug|x86
		Release|x64 = Release|x64
		Release|x86 = Release|x86
	EndGlobalSection
	GlobalSection(ProjectConfigurationPlatforms) = postSolution
		{B12702AD-ABFB-343A-A199-8E24837244A3}.Debug|x64.ActiveCfg = Debug|x64
		{B12702AD-ABFB-343A-A199-8E24837244A3}.Debug|x64.Build.0 = Debug|x64
		{B12702AD-ABFB-343A-A199-8E24837244A3}.Debug|x86.ActiveCfg = Debug|Win32
		{B12702AD-ABFB-343A-A199-8E24837244A3}.Debug|x86.Build.0 = Debug|Win32
		{B12702AD-ABFB-343A-A199-8E24837244A3}.Release|x64.ActiveCfg = Release|x64
		{B12702AD-ABFB-343A-A199-8E24837244A3}.Release|x64.Build.0 = Release|x64
		{B12702AD-ABFB-343A-A199-8E24837244A3}.Release|x86.ActiveCfg = Release|Win32
		{B12702AD-ABFB-343A-A199-8E24837244A3}.Release|x86.Build.0 = Release|Win32
		{B3F9DE50-8FF5-42A3-8DC1-F2C8E7BDF7AA}.Debug|x64.ActiveCfg = Debug|x64
		{B3F9DE50-8FF5-42A3-8DC1-F2C8E7BDF7AA}.Debug|x64.Build.0 = Debug|x64
		{B3F9DE50-8FF5-42A3-8DC1-F2C8E7BDF7AA}.Debug|x86.ActiveCfg = Debug|Win32
		{B3F9DE50-8FF5-42A3-8DC1-F2C8E7BDF7AA}.Debug|x86.Build.0 = Debug|Win32
		{B3F9DE50-8FF5-42A3-8DC1-F2C8E7BDF7AA}.Release|x64.ActiveCfg = Release|x64
		{B3F9DE50-8FF5-42A3-8DC1-F2C8E7BDF7AA}.Release|x64.Build.0 = Release|x64
		{B3F9DE50-8FF5-42A3-8DC1-F2C8E7BDF7AA}.Release|x86.ActiveCfg = Release|Win32
		{B3F9DE50-8FF5-42A3-8DC1-F2C8E7BDF7AA}.Release|x86.Build.0 = Release|Win32
		{11652C26-6A41-4D9A-A1EB-7677A860A902}.Debug|x64.ActiveCfg = Debug|x64
		{11652C26-6A41-4D9A-A1EB-7677A860A902}.Debug|x64.Build.0 = Debug|x64
		{11652C26-6A41-4D9A-A1EB-7677A860A902}.Debug|x86.ActiveCfg = Debug|Win32
		{11652C26-6A41-4D9A-A1EB-7677A860A902}.Debug|x86.Build.0 = Debug|Win32
		{11652C26-6A41-4D9A-A1EB-7677A860A902}.Release|x64.ActiveCfg = Release|x64
		{11652C26-6A41-4D9A-A1EB-7677A860A902}.Release|x64.Build.0 = Release|x64
		{11652C26-6A41-4D9A-A1EB-7677A860A902}.Release|x86.ActiveCfg = Release|Win32
		{11652C26-6A41-4D9A-A1EB-7677A860A902}.Release|x86.Build.0 = Release|Win32
		{7CB6DC0F-8A3E-4CEB-8D9C-D0C2BA7A1710}.Debug|x64.ActiveCfg = Debug|x64
		{7CB6DC0F-8A3E-4CEB-8D9C-D0C2BA7A1710}.Debug|x64.Build.0 = Debug|x64
		{7CB6DC0F-8A3E-4CEB-8D9C-D0C2BA7A1710}.Debug|x86.ActiveCfg = Debug|Win32
		{7CB6DC0F-8A3E-4CEB-8D9C-D0C2BA7A1710}.Debug|x86.Build.0 = Debug|Win32
		{7CB6DC0F-8A3E-4CEB-8D9C-D0C2BA7A1710}.Release|x64.ActiveCfg = Release|x64
		{7CB6DC0F-8A3E-4CEB-8D9C-D0C2BA7A1710}.Release|x64.Build.0 = Release|x64
		{7CB6DC0F-8A3E-4CEB-8D9C-D0C2BA7A1710}.Release|x86.ActiveCfg = Release|Win32
		{7CB6DC0F-8A3E-4CEB-8D9C-D0C2BA7A1710}.Release|x86.Build.0 = Release|Win32
	EndGlobalSection
	GlobalSection(SolutionProperties) = preSolution
		HideSolutionNode = FALSE
	EndGlobalSection
EndGlobal
